// !$*UTF8*$!
{
	archiveVersion = 1;
	classes = {
	};
	objectVersion = 55;
	objects = {

/* Begin PBXBuildFile section */
		BB27D9FF2846B54700B4D0F4 /* Storage.swift in Sources */ = {isa = PBXBuildFile; fileRef = BB27D9FE2846B54700B4D0F4 /* Storage.swift */; };
		BB27DA012846B57700B4D0F4 /* Flight.swift in Sources */ = {isa = PBXBuildFile; fileRef = BB27DA002846B57700B4D0F4 /* Flight.swift */; };
		BB27DA032846B5C300B4D0F4 /* FlightCollectionViewCell.swift in Sources */ = {isa = PBXBuildFile; fileRef = BB27DA022846B5C300B4D0F4 /* FlightCollectionViewCell.swift */; };
		BBDF600828456FA9008F58C0 /* AppDelegate.swift in Sources */ = {isa = PBXBuildFile; fileRef = BBDF600728456FA9008F58C0 /* AppDelegate.swift */; };
		BBDF600A28456FA9008F58C0 /* SceneDelegate.swift in Sources */ = {isa = PBXBuildFile; fileRef = BBDF600928456FA9008F58C0 /* SceneDelegate.swift */; };
		BBDF600C28456FA9008F58C0 /* FlightViewController.swift in Sources */ = {isa = PBXBuildFile; fileRef = BBDF600B28456FA9008F58C0 /* FlightViewController.swift */; };
		BBDF600F28456FA9008F58C0 /* Main.storyboard in Resources */ = {isa = PBXBuildFile; fileRef = BBDF600D28456FA9008F58C0 /* Main.storyboard */; };
		BBDF601128456FAD008F58C0 /* Assets.xcassets in Resources */ = {isa = PBXBuildFile; fileRef = BBDF601028456FAD008F58C0 /* Assets.xcassets */; };
		BBDF601428456FAD008F58C0 /* LaunchScreen.storyboard in Resources */ = {isa = PBXBuildFile; fileRef = BBDF601228456FAD008F58C0 /* LaunchScreen.storyboard */; };
/* End PBXBuildFile section */

/* Begin PBXFileReference section */
		BB27D9FE2846B54700B4D0F4 /* Storage.swift */ = {isa = PBXFileReference; lastKnownFileType = sourcecode.swift; path = Storage.swift; sourceTree = "<group>"; };
		BB27DA002846B57700B4D0F4 /* Flight.swift */ = {isa = PBXFileReference; lastKnownFileType = sourcecode.swift; path = Flight.swift; sourceTree = "<group>"; };
		BB27DA022846B5C300B4D0F4 /* FlightCollectionViewCell.swift */ = {isa = PBXFileReference; lastKnownFileType = sourcecode.swift; path = FlightCollectionViewCell.swift; sourceTree = "<group>"; };
		BBDF600428456FA9008F58C0 /* TimeToTravel.app */ = {isa = PBXFileReference; explicitFileType = wrapper.application; includeInIndex = 0; path = TimeToTravel.app; sourceTree = BUILT_PRODUCTS_DIR; };
		BBDF600728456FA9008F58C0 /* AppDelegate.swift */ = {isa = PBXFileReference; lastKnownFileType = sourcecode.swift; path = AppDelegate.swift; sourceTree = "<group>"; };
		BBDF600928456FA9008F58C0 /* SceneDelegate.swift */ = {isa = PBXFileReference; lastKnownFileType = sourcecode.swift; path = SceneDelegate.swift; sourceTree = "<group>"; };
		BBDF600B28456FA9008F58C0 /* FlightViewController.swift */ = {isa = PBXFileReference; lastKnownFileType = sourcecode.swift; path = FlightViewController.swift; sourceTree = "<group>"; };
		BBDF600E28456FA9008F58C0 /* Base */ = {isa = PBXFileReference; lastKnownFileType = file.storyboard; name = Base; path = Base.lproj/Main.storyboard; sourceTree = "<group>"; };
		BBDF601028456FAD008F58C0 /* Assets.xcassets */ = {isa = PBXFileReference; lastKnownFileType = folder.assetcatalog; path = Assets.xcassets; sourceTree = "<group>"; };
		BBDF601328456FAD008F58C0 /* Base */ = {isa = PBXFileReference; lastKnownFileType = file.storyboard; name = Base; path = Base.lproj/LaunchScreen.storyboard; sourceTree = "<group>"; };
		BBDF601528456FAD008F58C0 /* Info.plist */ = {isa = PBXFileReference; lastKnownFileType = text.plist.xml; path = Info.plist; sourceTree = "<group>"; };
/* End PBXFileReference section */

/* Begin PBXFrameworksBuildPhase section */
		BBDF600128456FA9008F58C0 /* Frameworks */ = {
			isa = PBXFrameworksBuildPhase;
			buildActionMask = 2147483647;
			files = (
			);
			runOnlyForDeploymentPostprocessing = 0;
		};
/* End PBXFrameworksBuildPhase section */

/* Begin PBXGroup section */
		BB27D9FB2846B3E500B4D0F4 /* Controller */ = {
			isa = PBXGroup;
			children = (
				BBDF600B28456FA9008F58C0 /* FlightViewController.swift */,
			);
			path = Controller;
			sourceTree = "<group>";
		};
		BB27D9FC2846B40300B4D0F4 /* View */ = {
			isa = PBXGroup;
			children = (
				BB27DA022846B5C300B4D0F4 /* FlightCollectionViewCell.swift */,
			);
			path = View;
			sourceTree = "<group>";
		};
		BB27D9FD2846B40E00B4D0F4 /* Model */ = {
			isa = PBXGroup;
			children = (
				BB27D9FE2846B54700B4D0F4 /* Storage.swift */,
				BB27DA002846B57700B4D0F4 /* Flight.swift */,
			);
			path = Model;
			sourceTree = "<group>";
		};
		BBAE32C92846ABD500A0AABE /* Supporting files */ = {
			isa = PBXGroup;
			children = (
				BBDF601228456FAD008F58C0 /* LaunchScreen.storyboard */,
				BBDF601028456FAD008F58C0 /* Assets.xcassets */,
				BBDF600D28456FA9008F58C0 /* Main.storyboard */,
				BBDF600728456FA9008F58C0 /* AppDelegate.swift */,
				BBDF600928456FA9008F58C0 /* SceneDelegate.swift */,
				BBDF601528456FAD008F58C0 /* Info.plist */,
			);
			path = "Supporting files";
			sourceTree = "<group>";
		};
		BBDF5FFB28456FA8008F58C0 = {
			isa = PBXGroup;
			children = (
				BBDF600628456FA9008F58C0 /* TimeToTravel */,
				BBDF600528456FA9008F58C0 /* Products */,
			);
			sourceTree = "<group>";
		};
		BBDF600528456FA9008F58C0 /* Products */ = {
			isa = PBXGroup;
			children = (
				BBDF600428456FA9008F58C0 /* TimeToTravel.app */,
			);
			name = Products;
			sourceTree = "<group>";
		};
		BBDF600628456FA9008F58C0 /* TimeToTravel */ = {
			isa = PBXGroup;
			children = (
				BB27D9FD2846B40E00B4D0F4 /* Model */,
				BB27D9FC2846B40300B4D0F4 /* View */,
				BB27D9FB2846B3E500B4D0F4 /* Controller */,
				BBAE32C92846ABD500A0AABE /* Supporting files */,
			);
			path = TimeToTravel;
			sourceTree = "<group>";
		};
/* End PBXGroup section */

/* Begin PBXNativeTarget section */
		BBDF600328456FA9008F58C0 /* TimeToTravel */ = {
			isa = PBXNativeTarget;
			buildConfigurationList = BBDF601828456FAD008F58C0 /* Build configuration list for PBXNativeTarget "TimeToTravel" */;
			buildPhases = (
				BBDF600028456FA9008F58C0 /* Sources */,
				BBDF600128456FA9008F58C0 /* Frameworks */,
				BBDF600228456FA9008F58C0 /* Resources */,
			);
			buildRules = (
			);
			dependencies = (
			);
			name = TimeToTravel;
			productName = TimeToTravel;
			productReference = BBDF600428456FA9008F58C0 /* TimeToTravel.app */;
			productType = "com.apple.product-type.application";
		};
/* End PBXNativeTarget section */

/* Begin PBXProject section */
		BBDF5FFC28456FA8008F58C0 /* Project object */ = {
			isa = PBXProject;
			attributes = {
				BuildIndependentTargetsInParallel = 1;
				LastSwiftUpdateCheck = 1340;
				LastUpgradeCheck = 1340;
				TargetAttributes = {
					BBDF600328456FA9008F58C0 = {
						CreatedOnToolsVersion = 13.4;
					};
				};
			};
			buildConfigurationList = BBDF5FFF28456FA9008F58C0 /* Build configuration list for PBXProject "TimeToTravel" */;
			compatibilityVersion = "Xcode 13.0";
			developmentRegion = en;
			hasScannedForEncodings = 0;
			knownRegions = (
				en,
				Base,
			);
			mainGroup = BBDF5FFB28456FA8008F58C0;
			productRefGroup = BBDF600528456FA9008F58C0 /* Products */;
			projectDirPath = "";
			projectRoot = "";
			targets = (
				BBDF600328456FA9008F58C0 /* TimeToTravel */,
			);
		};
/* End PBXProject section */

/* Begin PBXResourcesBuildPhase section */
		BBDF600228456FA9008F58C0 /* Resources */ = {
			isa = PBXResourcesBuildPhase;
			buildActionMask = 2147483647;
			files = (
				BBDF601428456FAD008F58C0 /* LaunchScreen.storyboard in Resources */,
				BBDF601128456FAD008F58C0 /* Assets.xcassets in Resources */,
				BBDF600F28456FA9008F58C0 /* Main.storyboard in Resources */,
			);
			runOnlyForDeploymentPostprocessing = 0;
		};
/* End PBXResourcesBuildPhase section */

/* Begin PBXSourcesBuildPhase section */
		BBDF600028456FA9008F58C0 /* Sources */ = {
			isa = PBXSourcesBuildPhase;
			buildActionMask = 2147483647;
			files = (
				BB27DA032846B5C300B4D0F4 /* FlightCollectionViewCell.swift in Sources */,
				BBDF600C28456FA9008F58C0 /* FlightViewController.swift in Sources */,
				BB27D9FF2846B54700B4D0F4 /* Storage.swift in Sources */,
				BBDF600828456FA9008F58C0 /* AppDelegate.swift in Sources */,
				BB27DA012846B57700B4D0F4 /* Flight.swift in Sources */,
				BBDF600A28456FA9008F58C0 /* SceneDelegate.swift in Sources */,
			);
			runOnlyForDeploymentPostprocessing = 0;
		};
/* End PBXSourcesBuildPhase section */

/* Begin PBXVariantGroup section */
		BBDF600D28456FA9008F58C0 /* Main.storyboard */ = {
			isa = PBXVariantGroup;
			children = (
				BBDF600E28456FA9008F58C0 /* Base */,
			);
			name = Main.storyboard;
			sourceTree = "<group>";
		};
		BBDF601228456FAD008F58C0 /* LaunchScreen.storyboard */ = {
			isa = PBXVariantGroup;
			children = (
				BBDF601328456FAD008F58C0 /* Base */,
			);
			name = LaunchScreen.storyboard;
			sourceTree = "<group>";
		};
/* End PBXVariantGroup section */

/* Begin XCBuildConfiguration section */
		BBDF601628456FAD008F58C0 /* Debug */ = {
			isa = XCBuildConfiguration;
			buildSettings = {
				ALWAYS_SEARCH_USER_PATHS = NO;
				CLANG_ANALYZER_NONNULL = YES;
				CLANG_ANALYZER_NUMBER_OBJECT_CONVERSION = YES_AGGRESSIVE;
				CLANG_CXX_LANGUAGE_STANDARD = "gnu++17";
				CLANG_ENABLE_MODULES = YES;
				CLANG_ENABLE_OBJC_ARC = YES;
				CLANG_ENABLE_OBJC_WEAK = YES;
				CLANG_WARN_BLOCK_CAPTURE_AUTORELEASING = YES;
				CLANG_WARN_BOOL_CONVERSION = YES;
				CLANG_WARN_COMMA = YES;
				CLANG_WARN_CONSTANT_CONVERSION = YES;
				CLANG_WARN_DEPRECATED_OBJC_IMPLEMENTATIONS = YES;
				CLANG_WARN_DIRECT_OBJC_ISA_USAGE = YES_ERROR;
				CLANG_WARN_DOCUMENTATION_COMMENTS = YES;
				CLANG_WARN_EMPTY_BODY = YES;
				CLANG_WARN_ENUM_CONVERSION = YES;
				CLANG_WARN_INFINITE_RECURSION = YES;
				CLANG_WARN_INT_CONVERSION = YES;
				CLANG_WARN_NON_LITERAL_NULL_CONVERSION = YES;
				CLANG_WARN_OBJC_IMPLICIT_RETAIN_SELF = YES;
				CLANG_WARN_OBJC_LITERAL_CONVERSION = YES;
				CLANG_WARN_OBJC_ROOT_CLASS = YES_ERROR;
				CLANG_WARN_QUOTED_INCLUDE_IN_FRAMEWORK_HEADER = YES;
				CLANG_WARN_RANGE_LOOP_ANALYSIS = YES;
				CLANG_WARN_STRICT_PROTOTYPES = YES;
				CLANG_WARN_SUSPICIOUS_MOVE = YES;
				CLANG_WARN_UNGUARDED_AVAILABILITY = YES_AGGRESSIVE;
				CLANG_WARN_UNREACHABLE_CODE = YES;
				CLANG_WARN__DUPLICATE_METHOD_MATCH = YES;
				COPY_PHASE_STRIP = NO;
				DEBUG_INFORMATION_FORMAT = dwarf;
				ENABLE_STRICT_OBJC_MSGSEND = YES;
				ENABLE_TESTABILITY = YES;
				GCC_C_LANGUAGE_STANDARD = gnu11;
				GCC_DYNAMIC_NO_PIC = NO;
				GCC_NO_COMMON_BLOCKS = YES;
				GCC_OPTIMIZATION_LEVEL = 0;
				GCC_PREPROCESSOR_DEFINITIONS = (
					"DEBUG=1",
					"$(inherited)",
				);
				GCC_WARN_64_TO_32_BIT_CONVERSION = YES;
				GCC_WARN_ABOUT_RETURN_TYPE = YES_ERROR;
				GCC_WARN_UNDECLARED_SELECTOR = YES;
				GCC_WARN_UNINITIALIZED_AUTOS = YES_AGGRESSIVE;
				GCC_WARN_UNUSED_FUNCTION = YES;
				GCC_WARN_UNUSED_VARIABLE = YES;
				INFOPLIST_FILE = "TimeToTravel/Supporting files/Info.plist";
				IPHONEOS_DEPLOYMENT_TARGET = 15.0;
				MTL_ENABLE_DEBUG_INFO = INCLUDE_SOURCE;
				MTL_FAST_MATH = YES;
				ONLY_ACTIVE_ARCH = YES;
				SDKROOT = iphoneos;
				SWIFT_ACTIVE_COMPILATION_CONDITIONS = DEBUG;
				SWIFT_OPTIMIZATION_LEVEL = "-Onone";
				SWIFT_VERSION = 5.0;
			};
			name = Debug;
		};
		BBDF601728456FAD008F58C0 /* Release */ = {
			isa = XCBuildConfiguration;
			buildSettings = {
				ALWAYS_SEARCH_USER_PATHS = NO;
				CLANG_ANALYZER_NONNULL = YES;
				CLANG_ANALYZER_NUMBER_OBJECT_CONVERSION = YES_AGGRESSIVE;
				CLANG_CXX_LANGUAGE_STANDARD = "gnu++17";
				CLANG_ENABLE_MODULES = YES;
				CLANG_ENABLE_OBJC_ARC = YES;
				CLANG_ENABLE_OBJC_WEAK = YES;
				CLANG_WARN_BLOCK_CAPTURE_AUTORELEASING = YES;
				CLANG_WARN_BOOL_CONVERSION = YES;
				CLANG_WARN_COMMA = YES;
				CLANG_WARN_CONSTANT_CONVERSION = YES;
				CLANG_WARN_DEPRECATED_OBJC_IMPLEMENTATIONS = YES;
				CLANG_WARN_DIRECT_OBJC_ISA_USAGE = YES_ERROR;
				CLANG_WARN_DOCUMENTATION_COMMENTS = YES;
				CLANG_WARN_EMPTY_BODY = YES;
				CLANG_WARN_ENUM_CONVERSION = YES;
				CLANG_WARN_INFINITE_RECURSION = YES;
				CLANG_WARN_INT_CONVERSION = YES;
				CLANG_WARN_NON_LITERAL_NULL_CONVERSION = YES;
				CLANG_WARN_OBJC_IMPLICIT_RETAIN_SELF = YES;
				CLANG_WARN_OBJC_LITERAL_CONVERSION = YES;
				CLANG_WARN_OBJC_ROOT_CLASS = YES_ERROR;
				CLANG_WARN_QUOTED_INCLUDE_IN_FRAMEWORK_HEADER = YES;
				CLANG_WARN_RANGE_LOOP_ANALYSIS = YES;
				CLANG_WARN_STRICT_PROTOTYPES = YES;
				CLANG_WARN_SUSPICIOUS_MOVE = YES;
				CLANG_WARN_UNGUARDED_AVAILABILITY = YES_AGGRESSIVE;
				CLANG_WARN_UNREACHABLE_CODE = YES;
				CLANG_WARN__DUPLICATE_METHOD_MATCH = YES;
				COPY_PHASE_STRIP = NO;
				DEBUG_INFORMATION_FORMAT = "dwarf-with-dsym";
				ENABLE_NS_ASSERTIONS = NO;
				ENABLE_STRICT_OBJC_MSGSEND = YES;
				GCC_C_LANGUAGE_STANDARD = gnu11;
				GCC_NO_COMMON_BLOCKS = YES;
				GCC_WARN_64_TO_32_BIT_CONVERSION = YES;
				GCC_WARN_ABOUT_RETURN_TYPE = YES_ERROR;
				GCC_WARN_UNDECLARED_SELECTOR = YES;
				GCC_WARN_UNINITIALIZED_AUTOS = YES_AGGRESSIVE;
				GCC_WARN_UNUSED_FUNCTION = YES;
				GCC_WARN_UNUSED_VARIABLE = YES;
				INFOPLIST_FILE = "TimeToTravel/Supporting files/Info.plist";
				IPHONEOS_DEPLOYMENT_TARGET = 15.0;
				MTL_ENABLE_DEBUG_INFO = NO;
				MTL_FAST_MATH = YES;
				SDKROOT = iphoneos;
				SWIFT_COMPILATION_MODE = wholemodule;
				SWIFT_OPTIMIZATION_LEVEL = "-O";
				SWIFT_VERSION = 5.0;
				VALIDATE_PRODUCT = YES;
			};
			name = Release;
		};
		BBDF601928456FAD008F58C0 /* Debug */ = {
			isa = XCBuildConfiguration;
			buildSettings = {
				ASSETCATALOG_COMPILER_APPICON_NAME = AppIcon;
				ASSETCATALOG_COMPILER_GLOBAL_ACCENT_COLOR_NAME = AccentColor;
				CODE_SIGN_STYLE = Automatic;
				CURRENT_PROJECT_VERSION = 1;
				DEVELOPMENT_TEAM = 5BPW3NPX5G;
				GENERATE_INFOPLIST_FILE = YES;
				INFOPLIST_FILE = "TimeToTravel/Supporting files/Info.plist";
				INFOPLIST_KEY_UIApplicationSupportsIndirectInputEvents = YES;
				INFOPLIST_KEY_UILaunchStoryboardName = LaunchScreen;
				INFOPLIST_KEY_UIMainStoryboardFile = Main;
				INFOPLIST_KEY_UISupportedInterfaceOrientations = UIInterfaceOrientationPortrait;
				INFOPLIST_KEY_UISupportedInterfaceOrientations_iPad = "UIInterfaceOrientationPortrait UIInterfaceOrientationPortraitUpsideDown UIInterfaceOrientationLandscapeLeft UIInterfaceOrientationLandscapeRight";
				INFOPLIST_KEY_UISupportedInterfaceOrientations_iPhone = "UIInterfaceOrientationPortrait UIInterfaceOrientationLandscapeLeft UIInterfaceOrientationLandscapeRight";
				IPHONEOS_DEPLOYMENT_TARGET = 15.0;
				LD_RUNPATH_SEARCH_PATHS = (
					"$(inherited)",
					"@executable_path/Frameworks",
				);
				MARKETING_VERSION = 1.0;
				PRODUCT_BUNDLE_IDENTIFIER = ru.aptimict.TimeToTravel;
				PRODUCT_NAME = "$(TARGET_NAME)";
				SWIFT_EMIT_LOC_STRINGS = YES;
				SWIFT_VERSION = 5.0;
				TARGETED_DEVICE_FAMILY = "1,2";
			};
			name = Debug;
		};
		BBDF601A28456FAD008F58C0 /* Release */ = {
			isa = XCBuildConfiguration;
			buildSettings = {
				ASSETCATALOG_COMPILER_APPICON_NAME = AppIcon;
				ASSETCATALOG_COMPILER_GLOBAL_ACCENT_COLOR_NAME = AccentColor;
				CODE_SIGN_STYLE = Automatic;
				CURRENT_PROJECT_VERSION = 1;
				DEVELOPMENT_TEAM = 5BPW3NPX5G;
				GENERATE_INFOPLIST_FILE = YES;
				INFOPLIST_FILE = "TimeToTravel/Supporting files/Info.plist";
				INFOPLIST_KEY_UIApplicationSupportsIndirectInputEvents = YES;
				INFOPLIST_KEY_UILaunchStoryboardName = LaunchScreen;
				INFOPLIST_KEY_UIMainStoryboardFile = Main;
				INFOPLIST_KEY_UISupportedInterfaceOrientations = UIInterfaceOrientationPortrait;
				INFOPLIST_KEY_UISupportedInterfaceOrientations_iPad = "UIInterfaceOrientationPortrait UIInterfaceOrientationPortraitUpsideDown UIInterfaceOrientationLandscapeLeft UIInterfaceOrientationLandscapeRight";
				INFOPLIST_KEY_UISupportedInterfaceOrientations_iPhone = "UIInterfaceOrientationPortrait UIInterfaceOrientationLandscapeLeft UIInterfaceOrientationLandscapeRight";
				IPHONEOS_DEPLOYMENT_TARGET = 15.0;
				LD_RUNPATH_SEARCH_PATHS = (
					"$(inherited)",
					"@executable_path/Frameworks",
				);
				MARKETING_VERSION = 1.0;
				PRODUCT_BUNDLE_IDENTIFIER = ru.aptimict.TimeToTravel;
				PRODUCT_NAME = "$(TARGET_NAME)";
				SWIFT_EMIT_LOC_STRINGS = YES;
				SWIFT_VERSION = 5.0;
				TARGETED_DEVICE_FAMILY = "1,2";
			};
			name = Release;
		};
/* End XCBuildConfiguration section */

/* Begin XCConfigurationList section */
		BBDF5FFF28456FA9008F58C0 /* Build configuration list for PBXProject "TimeToTravel" */ = {
			isa = XCConfigurationList;
			buildConfigurations = (
				BBDF601628456FAD008F58C0 /* Debug */,
				BBDF601728456FAD008F58C0 /* Release */,
			);
			defaultConfigurationIsVisible = 0;
			defaultConfigurationName = Release;
		};
		BBDF601828456FAD008F58C0 /* Build configuration list for PBXNativeTarget "TimeToTravel" */ = {
			isa = XCConfigurationList;
			buildConfigurations = (
				BBDF601928456FAD008F58C0 /* Debug */,
				BBDF601A28456FAD008F58C0 /* Release */,
			);
			defaultConfigurationIsVisible = 0;
			defaultConfigurationName = Release;
		};
/* End XCConfigurationList section */
	};
	rootObject = BBDF5FFC28456FA8008F58C0 /* Project object */;
}
